
Microsoft Visual Studio Solution File, Format Version 12.00
# Visual Studio Version 17
VisualStudioVersion = 17.7.34221.43
MinimumVisualStudioVersion = 10.0.40219.1
Project("{FAE04EC0-301F-11D3-BF4B-00C04F79EFBC}") = "PlanBell", "PlanBell\PlanBell.csproj", "{4D75B234-A557-493B-B6DA-D29EFFC07A7D}"
EndProject
Global
	GlobalSection(SolutionConfigurationPlatforms) = preSolution
		Debug|Any CPU = Debug|Any CPU
		Release|Any CPU = Release|Any CPU
	EndGlobalSection
	GlobalSection(ProjectConfigurationPlatforms) = postSolution
		{4D75B234-A557-493B-B6DA-D29EFFC07A7D}.Debug|Any CPU.ActiveCfg = Debug|Any CPU
		{4D75B234-A557-493B-B6DA-D29EFFC07A7D}.Debug|Any CPU.Build.0 = Debug|Any CPU
		{4D75B234-A557-493B-B6DA-D29EFFC07A7D}.Release|Any CPU.ActiveCfg = Release|Any CPU
		{4D75B234-A557-493B-B6DA-D29EFFC07A7D}.Release|Any CPU.Build.0 = Release|Any CPU
	EndGlobalSection
	GlobalSection(SolutionProperties) = preSolution
		HideSolutionNode = FALSE
	EndGlobalSection
	GlobalSection(ExtensibilityGlobals) = postSolution
		SolutionGuid = {FCD2E161-56A8-4531-9176-9D145D454958}
	EndGlobalSection
EndGlobal
