
Microsoft Visual Studio Solution File, Format Version 12.00
# Visual Studio Version 17
VisualStudioVersion = 17.7.34221.43
MinimumVisualStudioVersion = 10.0.40219.1
Project("{9A19103F-16F7-4668-BE54-9A1E7A4F7556}") = "PlanBell", "PlanBell\PlanBell.csproj", "{4D75B234-A557-493B-B6DA-D29EFFC07A7D}"
EndProject
Project("{9A19103F-16F7-4668-BE54-9A1E7A4F7556}") = "Wpf.Ui", "..\..\wpfui-2.1.0\src\Wpf.Ui\Wpf.Ui.csproj", "{1ADC87D1-8963-4100-845A-18477824718E}"
EndProject
Global
	GlobalSection(SolutionConfigurationPlatforms) = preSolution
		Debug|Any CPU = Debug|Any CPU
		Debug|x64 = Debug|x64
		Release|Any CPU = Release|Any CPU
		Release|x64 = Release|x64
	EndGlobalSection
	GlobalSection(ProjectConfigurationPlatforms) = postSolution
		{4D75B234-A557-493B-B6DA-D29EFFC07A7D}.Debug|Any CPU.ActiveCfg = Debug|Any CPU
		{4D75B234-A557-493B-B6DA-D29EFFC07A7D}.Debug|Any CPU.Build.0 = Debug|Any CPU
		{4D75B234-A557-493B-B6DA-D29EFFC07A7D}.Debug|x64.ActiveCfg = Debug|Any CPU
		{4D75B234-A557-493B-B6DA-D29EFFC07A7D}.Debug|x64.Build.0 = Debug|Any CPU
		{4D75B234-A557-493B-B6DA-D29EFFC07A7D}.Release|Any CPU.ActiveCfg = Release|Any CPU
		{4D75B234-A557-493B-B6DA-D29EFFC07A7D}.Release|Any CPU.Build.0 = Release|Any CPU
		{4D75B234-A557-493B-B6DA-D29EFFC07A7D}.Release|x64.ActiveCfg = Release|Any CPU
		{4D75B234-A557-493B-B6DA-D29EFFC07A7D}.Release|x64.Build.0 = Release|Any CPU
		{1ADC87D1-8963-4100-845A-18477824718E}.Debug|Any CPU.ActiveCfg = Debug|Any CPU
		{1ADC87D1-8963-4100-845A-18477824718E}.Debug|Any CPU.Build.0 = Debug|Any CPU
		{1ADC87D1-8963-4100-845A-18477824718E}.Debug|x64.ActiveCfg = Debug|Any CPU
		{1ADC87D1-8963-4100-845A-18477824718E}.Debug|x64.Build.0 = Debug|Any CPU
		{1ADC87D1-8963-4100-845A-18477824718E}.Release|Any CPU.ActiveCfg = Release|Any CPU
		{1ADC87D1-8963-4100-845A-18477824718E}.Release|Any CPU.Build.0 = Release|Any CPU
		{1ADC87D1-8963-4100-845A-18477824718E}.Release|x64.ActiveCfg = Release|Any CPU
		{1ADC87D1-8963-4100-845A-18477824718E}.Release|x64.Build.0 = Release|Any CPU
	EndGlobalSection
	GlobalSection(SolutionProperties) = preSolution
		HideSolutionNode = FALSE
	EndGlobalSection
	GlobalSection(ExtensibilityGlobals) = postSolution
		SolutionGuid = {FCD2E161-56A8-4531-9176-9D145D454958}
	EndGlobalSection
EndGlobal
